
Microsoft Visual Studio Solution File, Format Version 12.00
# Visual Studio Version 17
VisualStudioVersion = 17.0.32014.148
MinimumVisualStudioVersion = 10.0.40219.1
Project("{9A19103F-16F7-4668-BE54-9A1E7A4F7556}") = "AVGECTSGrade", "AVGECTSGrade.csproj", "{457CF9A5-4F82-47DB-AA12-ED04206D4E1A}"
EndProject
Project("{2150E333-8FDC-42A3-9474-1A3956D46DE8}") = "Solution Items", "Solution Items", "{EC44AFE9-2DED-4871-A57F-500FBBF62081}"
	ProjectSection(SolutionItems) = preProject
		.editorconfig = .editorconfig
	EndProjectSection
EndProject
Global
	GlobalSection(SolutionConfigurationPlatforms) = preSolution
		Debug|Any CPU = Debug|Any CPU
		Release|Any CPU = Release|Any CPU
	EndGlobalSection
	GlobalSection(ProjectConfigurationPlatforms) = postSolution
		{457CF9A5-4F82-47DB-AA12-ED04206D4E1A}.Debug|Any CPU.ActiveCfg = Debug|Any CPU
		{457CF9A5-4F82-47DB-AA12-ED04206D4E1A}.Debug|Any CPU.Build.0 = Debug|Any CPU
		{457CF9A5-4F82-47DB-AA12-ED04206D4E1A}.Release|Any CPU.ActiveCfg = Release|Any CPU
		{457CF9A5-4F82-47DB-AA12-ED04206D4E1A}.Release|Any CPU.Build.0 = Release|Any CPU
	EndGlobalSection
	GlobalSection(SolutionProperties) = preSolution
		HideSolutionNode = FALSE
	EndGlobalSection
	GlobalSection(ExtensibilityGlobals) = postSolution
		SolutionGuid = {FAA27C2F-15A3-47D0-B912-DAFDC42AB43E}
	EndGlobalSection
EndGlobal
